
Microsoft Visual Studio Solution File, Format Version 12.00
# Visual Studio Version 17
VisualStudioVersion = 17.14.36429.23 d17.14
MinimumVisualStudioVersion = 10.0.40219.1
Project("{2150E333-8FDC-42A3-9474-1A3956D46DE8}") = "Task0", "Task0", "{02EA681E-C7D8-13C7-8484-4AC65E1B71E8}"
EndProject
Project("{FAE04EC0-301F-11D3-BF4B-00C04F79EFBC}") = "Tyuiu.HaevGS.Sprint0.Task0.V0", "Tyuiu.HaevGS.Sprint0.Task0.V0\Tyuiu.HaevGS.Sprint0.Task0.V0.csproj", "{92E9DBF4-320D-41A2-ABAD-BC5D445C6802}"
EndProject
Project("{2150E333-8FDC-42A3-9474-1A3956D46DE8}") = "Task1", "Task1", "{18C3A3B8-C783-4ECA-9606-931CC911C450}"
EndProject
Project("{FAE04EC0-301F-11D3-BF4B-00C04F79EFBC}") = "Tyuiu.HaevGS.Sprint0.Task1.V0", "Tyuiu.HaevGS.Sprint0.Task1.V0\Tyuiu.HaevGS.Sprint0.Task1.V0.csproj", "{3ACBAEC8-D65B-4848-9D3F-3DAF3F121749}"
EndProject
Project("{2150E333-8FDC-42A3-9474-1A3956D46DE8}") = "Task2", "Task2", "{52C955E3-1BBA-4F20-AFB3-FDB60C15EEE5}"
EndProject
Project("{FAE04EC0-301F-11D3-BF4B-00C04F79EFBC}") = "Tyuiu.HaevGS.Sprint0.Task2.V0", "Tyuiu.HaevGS.Sprint0.Task2.V0\Tyuiu.HaevGS.Sprint0.Task2.V0.csproj", "{80C878A5-1DE3-4987-AD6C-06892B8E2139}"
EndProject
Project("{FAE04EC0-301F-11D3-BF4B-00C04F79EFBC}") = "Tyuiu.HaevGS.Sprint0.Task2.V0.Lib", "Tyuiu.HaevGS.Sprint0.Task2.V0.Lib\Tyuiu.HaevGS.Sprint0.Task2.V0.Lib.csproj", "{DF531FB2-1DBC-44A8-AD9A-D63D8D36DC40}"
EndProject
Project("{FAE04EC0-301F-11D3-BF4B-00C04F79EFBC}") = "Tyuiu.HaevGS.Sprint0.Task2.V0.Test", "Tyuiu.HaevGS.Sprint0.Task2.V0.Test\Tyuiu.HaevGS.Sprint0.Task2.V0.Test.csproj", "{42FA7A49-7C54-413A-BB28-1FA93B85E6CF}"
EndProject
Project("{2150E333-8FDC-42A3-9474-1A3956D46DE8}") = "Task3", "Task3", "{1761F16F-036D-4E0C-9F64-777388A2DC91}"
EndProject
Project("{FAE04EC0-301F-11D3-BF4B-00C04F79EFBC}") = "Tyuiu.HaevGS.Sprint0.Task3.V0", "Tyuiu.HaevGS.Sprint0.Task3.V0\Tyuiu.HaevGS.Sprint0.Task3.V0.csproj", "{71B94C63-7509-45C8-A2AB-A2029ED173F5}"
EndProject
Project("{FAE04EC0-301F-11D3-BF4B-00C04F79EFBC}") = "Tyuiu.HaevGS.Sprint0.Task3.V0.Test", "Tyuiu.HaevGS.Sprint0.Task3.V0.Test\Tyuiu.HaevGS.Sprint0.Task3.V0.Test.csproj", "{F8F96093-8538-45CD-AB3A-48BEEDADB967}"
EndProject
Project("{FAE04EC0-301F-11D3-BF4B-00C04F79EFBC}") = "Tyuiu.HaevGS.Sprint0.Task3.V0.Lib", "Tyuiu.HaevGS.Sprint0.Task3.V0.Lib\Tyuiu.HaevGS.Sprint0.Task3.V0.Lib.csproj", "{54D33717-F9DA-4851-820D-861E6257AB50}"
EndProject
Project("{2150E333-8FDC-42A3-9474-1A3956D46DE8}") = "Task4", "Task4", "{C6510D0D-43FB-4EA6-9A2A-10ACD9576EBB}"
EndProject
Project("{FAE04EC0-301F-11D3-BF4B-00C04F79EFBC}") = "Tyuiu.HaevGS.Sprint0.Task4.V0", "Tyuiu.HaevGS.Sprint0.Task4.V0\Tyuiu.HaevGS.Sprint0.Task4.V0.csproj", "{4C024BE8-E632-4E62-94FE-D79988238C52}"
EndProject
Project("{FAE04EC0-301F-11D3-BF4B-00C04F79EFBC}") = "Tyuiu.HaevGS.Sprint0.Task4.V0.Lib", "Tyuiu.HaevGS.Sprint0.Task4.V0.Lib\Tyuiu.HaevGS.Sprint0.Task4.V0.Lib.csproj", "{9D42DDB4-3CE7-454A-B668-39710D85DB4A}"
EndProject
Project("{FAE04EC0-301F-11D3-BF4B-00C04F79EFBC}") = "Tyuiu.HaevGS.Sprint0.Task4.V0.Test", "Tyuiu.HaevGS.Sprint0.Task4.V0.Test\Tyuiu.HaevGS.Sprint0.Task4.V0.Test.csproj", "{ADA88D98-0619-45D6-8207-971D6837B31E}"
EndProject
Project("{2150E333-8FDC-42A3-9474-1A3956D46DE8}") = "Task5", "Task5", "{0386BAA9-524A-48A1-808C-575B59A85039}"
EndProject
Project("{FAE04EC0-301F-11D3-BF4B-00C04F79EFBC}") = "Tyuiu.HaevGS.Sprint0.Task5.V0.Test", "Tyuiu.HaevGS.Sprint0.Task5.V0.Test\Tyuiu.HaevGS.Sprint0.Task5.V0.Test.csproj", "{2DD9A0AF-0404-4814-A94C-A0BE45DADD31}"
EndProject
Project("{FAE04EC0-301F-11D3-BF4B-00C04F79EFBC}") = "Tyuiu.HaevGS.Sprint0.Task5.V0", "Tyuiu.HaevGS.Sprint0.Task5.V01\Tyuiu.HaevGS.Sprint0.Task5.V0.csproj", "{414FF042-6087-4A8D-82FD-5E2BB205C509}"
EndProject
Project("{FAE04EC0-301F-11D3-BF4B-00C04F79EFBC}") = "Tyuiu.HaevGS.Sprint0.Task5.V0.Lib", "Tyuiu.HaevGS.Sprint0.Task5.V0.Test.Lib\Tyuiu.HaevGS.Sprint0.Task5.V0.Lib.csproj", "{92443AE9-3575-49D3-9BA9-47232846F5B8}"
EndProject
Global
	GlobalSection(SolutionConfigurationPlatforms) = preSolution
		Debug|Any CPU = Debug|Any CPU
		Release|Any CPU = Release|Any CPU
	EndGlobalSection
	GlobalSection(ProjectConfigurationPlatforms) = postSolution
		{92E9DBF4-320D-41A2-ABAD-BC5D445C6802}.Debug|Any CPU.ActiveCfg = Debug|Any CPU
		{92E9DBF4-320D-41A2-ABAD-BC5D445C6802}.Debug|Any CPU.Build.0 = Debug|Any CPU
		{92E9DBF4-320D-41A2-ABAD-BC5D445C6802}.Release|Any CPU.ActiveCfg = Release|Any CPU
		{92E9DBF4-320D-41A2-ABAD-BC5D445C6802}.Release|Any CPU.Build.0 = Release|Any CPU
		{3ACBAEC8-D65B-4848-9D3F-3DAF3F121749}.Debug|Any CPU.ActiveCfg = Debug|Any CPU
		{3ACBAEC8-D65B-4848-9D3F-3DAF3F121749}.Debug|Any CPU.Build.0 = Debug|Any CPU
		{3ACBAEC8-D65B-4848-9D3F-3DAF3F121749}.Release|Any CPU.ActiveCfg = Release|Any CPU
		{3ACBAEC8-D65B-4848-9D3F-3DAF3F121749}.Release|Any CPU.Build.0 = Release|Any CPU
		{80C878A5-1DE3-4987-AD6C-06892B8E2139}.Debug|Any CPU.ActiveCfg = Debug|Any CPU
		{80C878A5-1DE3-4987-AD6C-06892B8E2139}.Debug|Any CPU.Build.0 = Debug|Any CPU
		{80C878A5-1DE3-4987-AD6C-06892B8E2139}.Release|Any CPU.ActiveCfg = Release|Any CPU
		{80C878A5-1DE3-4987-AD6C-06892B8E2139}.Release|Any CPU.Build.0 = Release|Any CPU
		{DF531FB2-1DBC-44A8-AD9A-D63D8D36DC40}.Debug|Any CPU.ActiveCfg = Debug|Any CPU
		{DF531FB2-1DBC-44A8-AD9A-D63D8D36DC40}.Debug|Any CPU.Build.0 = Debug|Any CPU
		{DF531FB2-1DBC-44A8-AD9A-D63D8D36DC40}.Release|Any CPU.ActiveCfg = Release|Any CPU
		{DF531FB2-1DBC-44A8-AD9A-D63D8D36DC40}.Release|Any CPU.Build.0 = Release|Any CPU
		{42FA7A49-7C54-413A-BB28-1FA93B85E6CF}.Debug|Any CPU.ActiveCfg = Debug|Any CPU
		{42FA7A49-7C54-413A-BB28-1FA93B85E6CF}.Debug|Any CPU.Build.0 = Debug|Any CPU
		{42FA7A49-7C54-413A-BB28-1FA93B85E6CF}.Release|Any CPU.ActiveCfg = Release|Any CPU
		{42FA7A49-7C54-413A-BB28-1FA93B85E6CF}.Release|Any CPU.Build.0 = Release|Any CPU
		{71B94C63-7509-45C8-A2AB-A2029ED173F5}.Debug|Any CPU.ActiveCfg = Debug|Any CPU
		{71B94C63-7509-45C8-A2AB-A2029ED173F5}.Debug|Any CPU.Build.0 = Debug|Any CPU
		{71B94C63-7509-45C8-A2AB-A2029ED173F5}.Release|Any CPU.ActiveCfg = Release|Any CPU
		{71B94C63-7509-45C8-A2AB-A2029ED173F5}.Release|Any CPU.Build.0 = Release|Any CPU
		{F8F96093-8538-45CD-AB3A-48BEEDADB967}.Debug|Any CPU.ActiveCfg = Debug|Any CPU
		{F8F96093-8538-45CD-AB3A-48BEEDADB967}.Debug|Any CPU.Build.0 = Debug|Any CPU
		{F8F96093-8538-45CD-AB3A-48BEEDADB967}.Release|Any CPU.ActiveCfg = Release|Any CPU
		{F8F96093-8538-45CD-AB3A-48BEEDADB967}.Release|Any CPU.Build.0 = Release|Any CPU
		{54D33717-F9DA-4851-820D-861E6257AB50}.Debug|Any CPU.ActiveCfg = Debug|Any CPU
		{54D33717-F9DA-4851-820D-861E6257AB50}.Debug|Any CPU.Build.0 = Debug|Any CPU
		{54D33717-F9DA-4851-820D-861E6257AB50}.Release|Any CPU.ActiveCfg = Release|Any CPU
		{54D33717-F9DA-4851-820D-861E6257AB50}.Release|Any CPU.Build.0 = Release|Any CPU
		{4C024BE8-E632-4E62-94FE-D79988238C52}.Debug|Any CPU.ActiveCfg = Debug|Any CPU
		{4C024BE8-E632-4E62-94FE-D79988238C52}.Debug|Any CPU.Build.0 = Debug|Any CPU
		{4C024BE8-E632-4E62-94FE-D79988238C52}.Release|Any CPU.ActiveCfg = Release|Any CPU
		{4C024BE8-E632-4E62-94FE-D79988238C52}.Release|Any CPU.Build.0 = Release|Any CPU
		{9D42DDB4-3CE7-454A-B668-39710D85DB4A}.Debug|Any CPU.ActiveCfg = Debug|Any CPU
		{9D42DDB4-3CE7-454A-B668-39710D85DB4A}.Debug|Any CPU.Build.0 = Debug|Any CPU
		{9D42DDB4-3CE7-454A-B668-39710D85DB4A}.Release|Any CPU.ActiveCfg = Release|Any CPU
		{9D42DDB4-3CE7-454A-B668-39710D85DB4A}.Release|Any CPU.Build.0 = Release|Any CPU
		{ADA88D98-0619-45D6-8207-971D6837B31E}.Debug|Any CPU.ActiveCfg = Debug|Any CPU
		{ADA88D98-0619-45D6-8207-971D6837B31E}.Debug|Any CPU.Build.0 = Debug|Any CPU
		{ADA88D98-0619-45D6-8207-971D6837B31E}.Release|Any CPU.ActiveCfg = Release|Any CPU
		{ADA88D98-0619-45D6-8207-971D6837B31E}.Release|Any CPU.Build.0 = Release|Any CPU
		{2DD9A0AF-0404-4814-A94C-A0BE45DADD31}.Debug|Any CPU.ActiveCfg = Debug|Any CPU
		{2DD9A0AF-0404-4814-A94C-A0BE45DADD31}.Debug|Any CPU.Build.0 = Debug|Any CPU
		{2DD9A0AF-0404-4814-A94C-A0BE45DADD31}.Release|Any CPU.ActiveCfg = Release|Any CPU
		{2DD9A0AF-0404-4814-A94C-A0BE45DADD31}.Release|Any CPU.Build.0 = Release|Any CPU
		{414FF042-6087-4A8D-82FD-5E2BB205C509}.Debug|Any CPU.ActiveCfg = Debug|Any CPU
		{414FF042-6087-4A8D-82FD-5E2BB205C509}.Debug|Any CPU.Build.0 = Debug|Any CPU
		{414FF042-6087-4A8D-82FD-5E2BB205C509}.Release|Any CPU.ActiveCfg = Release|Any CPU
		{414FF042-6087-4A8D-82FD-5E2BB205C509}.Release|Any CPU.Build.0 = Release|Any CPU
		{92443AE9-3575-49D3-9BA9-47232846F5B8}.Debug|Any CPU.ActiveCfg = Debug|Any CPU
		{92443AE9-3575-49D3-9BA9-47232846F5B8}.Debug|Any CPU.Build.0 = Debug|Any CPU
		{92443AE9-3575-49D3-9BA9-47232846F5B8}.Release|Any CPU.ActiveCfg = Release|Any CPU
		{92443AE9-3575-49D3-9BA9-47232846F5B8}.Release|Any CPU.Build.0 = Release|Any CPU
	EndGlobalSection
	GlobalSection(SolutionProperties) = preSolution
		HideSolutionNode = FALSE
	EndGlobalSection
	GlobalSection(NestedProjects) = preSolution
		{92E9DBF4-320D-41A2-ABAD-BC5D445C6802} = {02EA681E-C7D8-13C7-8484-4AC65E1B71E8}
		{3ACBAEC8-D65B-4848-9D3F-3DAF3F121749} = {18C3A3B8-C783-4ECA-9606-931CC911C450}
		{80C878A5-1DE3-4987-AD6C-06892B8E2139} = {52C955E3-1BBA-4F20-AFB3-FDB60C15EEE5}
		{DF531FB2-1DBC-44A8-AD9A-D63D8D36DC40} = {52C955E3-1BBA-4F20-AFB3-FDB60C15EEE5}
		{42FA7A49-7C54-413A-BB28-1FA93B85E6CF} = {52C955E3-1BBA-4F20-AFB3-FDB60C15EEE5}
		{71B94C63-7509-45C8-A2AB-A2029ED173F5} = {1761F16F-036D-4E0C-9F64-777388A2DC91}
		{F8F96093-8538-45CD-AB3A-48BEEDADB967} = {1761F16F-036D-4E0C-9F64-777388A2DC91}
		{54D33717-F9DA-4851-820D-861E6257AB50} = {1761F16F-036D-4E0C-9F64-777388A2DC91}
		{4C024BE8-E632-4E62-94FE-D79988238C52} = {C6510D0D-43FB-4EA6-9A2A-10ACD9576EBB}
		{9D42DDB4-3CE7-454A-B668-39710D85DB4A} = {C6510D0D-43FB-4EA6-9A2A-10ACD9576EBB}
		{ADA88D98-0619-45D6-8207-971D6837B31E} = {C6510D0D-43FB-4EA6-9A2A-10ACD9576EBB}
		{2DD9A0AF-0404-4814-A94C-A0BE45DADD31} = {0386BAA9-524A-48A1-808C-575B59A85039}
		{414FF042-6087-4A8D-82FD-5E2BB205C509} = {0386BAA9-524A-48A1-808C-575B59A85039}
		{92443AE9-3575-49D3-9BA9-47232846F5B8} = {0386BAA9-524A-48A1-808C-575B59A85039}
	EndGlobalSection
	GlobalSection(ExtensibilityGlobals) = postSolution
		SolutionGuid = {3A4158AD-BDE6-4839-AF99-534D529141E0}
	EndGlobalSection
EndGlobal
